
Microsoft Visual Studio Solution File, Format Version 12.00
# Visual Studio Version 17
VisualStudioVersion = 17.9.34902.65
MinimumVisualStudioVersion = 10.0.40219.1
Project("{FAE04EC0-301F-11D3-BF4B-00C04F79EFBC}") = "DotoList", "DotoList\DotoList.csproj", "{9D3DC797-9930-4FE9-9728-D93FD163062C}"
EndProject
Global
	GlobalSection(SolutionConfigurationPlatforms) = preSolution
		Debug|Any CPU = Debug|Any CPU
		Release|Any CPU = Release|Any CPU
	EndGlobalSection
	GlobalSection(ProjectConfigurationPlatforms) = postSolution
		{9D3DC797-9930-4FE9-9728-D93FD163062C}.Debug|Any CPU.ActiveCfg = Debug|Any CPU
		{9D3DC797-9930-4FE9-9728-D93FD163062C}.Debug|Any CPU.Build.0 = Debug|Any CPU
		{9D3DC797-9930-4FE9-9728-D93FD163062C}.Release|Any CPU.ActiveCfg = Release|Any CPU
		{9D3DC797-9930-4FE9-9728-D93FD163062C}.Release|Any CPU.Build.0 = Release|Any CPU
	EndGlobalSection
	GlobalSection(SolutionProperties) = preSolution
		HideSolutionNode = FALSE
	EndGlobalSection
	GlobalSection(ExtensibilityGlobals) = postSolution
		SolutionGuid = {5973A87D-3853-40DB-AF27-8155086396C3}
	EndGlobalSection
EndGlobal
